
Microsoft Visual Studio Solution File, Format Version 12.00
Project("{2150E333-8FDC-42A3-9474-1A3956D46DE8}") = "src", "src", "{57A8C693-D546-4875-87FB-F56BC69C291F}"
EndProject
Project("{FAE04EC0-301F-11D3-BF4B-00C04F79EFBC}") = "Calculator.Library", "Calculator.Library\Calculator.Library.csproj", "{80B6D5B1-FF5C-493D-94CC-0368A6452ADC}"
EndProject
Project("{FAE04EC0-301F-11D3-BF4B-00C04F79EFBC}") = "Calculator", "Calculator\Calculator.csproj", "{71CCC544-E9C8-4E3E-9268-973B6A9ABA58}"
EndProject
Project("{2150E333-8FDC-42A3-9474-1A3956D46DE8}") = "tests", "tests", "{F4C47CBA-3BC9-4E08-8BD8-9C3E2EB4F109}"
EndProject
Project("{FAE04EC0-301F-11D3-BF4B-00C04F79EFBC}") = "Calculator.Library.Tests", "Calculator.Library.Tests\Calculator.Library.Tests.csproj", "{09C5AEDF-6645-4668-9004-991067EB5D06}"
EndProject
Project("{2150E333-8FDC-42A3-9474-1A3956D46DE8}") = "items", "items", "{68531344-63AF-41E3-93E5-55D9F54B7ACE}"
	ProjectSection(SolutionItems) = preProject
		README.md = README.md
	EndProjectSection
EndProject
Global
	GlobalSection(SolutionConfigurationPlatforms) = preSolution
		Debug|Any CPU = Debug|Any CPU
		Release|Any CPU = Release|Any CPU
	EndGlobalSection
	GlobalSection(ProjectConfigurationPlatforms) = postSolution
		{80B6D5B1-FF5C-493D-94CC-0368A6452ADC}.Debug|Any CPU.ActiveCfg = Debug|Any CPU
		{80B6D5B1-FF5C-493D-94CC-0368A6452ADC}.Debug|Any CPU.Build.0 = Debug|Any CPU
		{80B6D5B1-FF5C-493D-94CC-0368A6452ADC}.Release|Any CPU.ActiveCfg = Release|Any CPU
		{80B6D5B1-FF5C-493D-94CC-0368A6452ADC}.Release|Any CPU.Build.0 = Release|Any CPU
		{71CCC544-E9C8-4E3E-9268-973B6A9ABA58}.Debug|Any CPU.ActiveCfg = Debug|Any CPU
		{71CCC544-E9C8-4E3E-9268-973B6A9ABA58}.Debug|Any CPU.Build.0 = Debug|Any CPU
		{71CCC544-E9C8-4E3E-9268-973B6A9ABA58}.Release|Any CPU.ActiveCfg = Release|Any CPU
		{71CCC544-E9C8-4E3E-9268-973B6A9ABA58}.Release|Any CPU.Build.0 = Release|Any CPU
		{09C5AEDF-6645-4668-9004-991067EB5D06}.Debug|Any CPU.ActiveCfg = Debug|Any CPU
		{09C5AEDF-6645-4668-9004-991067EB5D06}.Debug|Any CPU.Build.0 = Debug|Any CPU
		{09C5AEDF-6645-4668-9004-991067EB5D06}.Release|Any CPU.ActiveCfg = Release|Any CPU
		{09C5AEDF-6645-4668-9004-991067EB5D06}.Release|Any CPU.Build.0 = Release|Any CPU
	EndGlobalSection
	GlobalSection(NestedProjects) = preSolution
		{80B6D5B1-FF5C-493D-94CC-0368A6452ADC} = {57A8C693-D546-4875-87FB-F56BC69C291F}
		{71CCC544-E9C8-4E3E-9268-973B6A9ABA58} = {57A8C693-D546-4875-87FB-F56BC69C291F}
		{09C5AEDF-6645-4668-9004-991067EB5D06} = {F4C47CBA-3BC9-4E08-8BD8-9C3E2EB4F109}
	EndGlobalSection
EndGlobal
